
Microsoft Visual Studio Solution File, Format Version 12.00
# Visual Studio Version 16
VisualStudioVersion = 16.0.30621.155
MinimumVisualStudioVersion = 10.0.40219.1
Project("{FAE04EC0-301F-11D3-BF4B-00C04F79EFBC}") = "Colecao", "Colecao\Colecao.csproj", "{B745FE96-32FA-4F89-8038-BE32C2056530}"
EndProject
Global
	GlobalSection(SolutionConfigurationPlatforms) = preSolution
		Debug|Any CPU = Debug|Any CPU
		Release|Any CPU = Release|Any CPU
	EndGlobalSection
	GlobalSection(ProjectConfigurationPlatforms) = postSolution
		{B745FE96-32FA-4F89-8038-BE32C2056530}.Debug|Any CPU.ActiveCfg = Debug|Any CPU
		{B745FE96-32FA-4F89-8038-BE32C2056530}.Debug|Any CPU.Build.0 = Debug|Any CPU
		{B745FE96-32FA-4F89-8038-BE32C2056530}.Release|Any CPU.ActiveCfg = Release|Any CPU
		{B745FE96-32FA-4F89-8038-BE32C2056530}.Release|Any CPU.Build.0 = Release|Any CPU
	EndGlobalSection
	GlobalSection(SolutionProperties) = preSolution
		HideSolutionNode = FALSE
	EndGlobalSection
	GlobalSection(ExtensibilityGlobals) = postSolution
		SolutionGuid = {FEDC54CC-3F46-420B-8CFD-D929ED68F0F5}
	EndGlobalSection
EndGlobal
