
Microsoft Visual Studio Solution File, Format Version 12.00
# Visual Studio Version 16
VisualStudioVersion = 16.0.30711.63
MinimumVisualStudioVersion = 10.0.40219.1
Project("{FAE04EC0-301F-11D3-BF4B-00C04F79EFBC}") = "MultiplicarMatrizes", "MultiplicarMatrizes\MultiplicarMatrizes.csproj", "{3DAFDC05-0353-4A22-BB92-28837E3C8244}"
EndProject
Global
	GlobalSection(SolutionConfigurationPlatforms) = preSolution
		Debug|Any CPU = Debug|Any CPU
		Release|Any CPU = Release|Any CPU
	EndGlobalSection
	GlobalSection(ProjectConfigurationPlatforms) = postSolution
		{3DAFDC05-0353-4A22-BB92-28837E3C8244}.Debug|Any CPU.ActiveCfg = Debug|Any CPU
		{3DAFDC05-0353-4A22-BB92-28837E3C8244}.Debug|Any CPU.Build.0 = Debug|Any CPU
		{3DAFDC05-0353-4A22-BB92-28837E3C8244}.Release|Any CPU.ActiveCfg = Release|Any CPU
		{3DAFDC05-0353-4A22-BB92-28837E3C8244}.Release|Any CPU.Build.0 = Release|Any CPU
	EndGlobalSection
	GlobalSection(SolutionProperties) = preSolution
		HideSolutionNode = FALSE
	EndGlobalSection
	GlobalSection(ExtensibilityGlobals) = postSolution
		SolutionGuid = {E4003D7A-ABFD-4EBB-9560-3D32E998F7C2}
	EndGlobalSection
EndGlobal
