
Microsoft Visual Studio Solution File, Format Version 12.00
# Visual Studio Version 16
VisualStudioVersion = 16.0.30621.155
MinimumVisualStudioVersion = 10.0.40219.1
Project("{FAE04EC0-301F-11D3-BF4B-00C04F79EFBC}") = "EntradaSaida", "EntradaSaida\EntradaSaida.csproj", "{BC91692F-A00B-4007-B2F9-71F145B58009}"
EndProject
Global
	GlobalSection(SolutionConfigurationPlatforms) = preSolution
		Debug|Any CPU = Debug|Any CPU
		Release|Any CPU = Release|Any CPU
	EndGlobalSection
	GlobalSection(ProjectConfigurationPlatforms) = postSolution
		{BC91692F-A00B-4007-B2F9-71F145B58009}.Debug|Any CPU.ActiveCfg = Debug|Any CPU
		{BC91692F-A00B-4007-B2F9-71F145B58009}.Debug|Any CPU.Build.0 = Debug|Any CPU
		{BC91692F-A00B-4007-B2F9-71F145B58009}.Release|Any CPU.ActiveCfg = Release|Any CPU
		{BC91692F-A00B-4007-B2F9-71F145B58009}.Release|Any CPU.Build.0 = Release|Any CPU
	EndGlobalSection
	GlobalSection(SolutionProperties) = preSolution
		HideSolutionNode = FALSE
	EndGlobalSection
	GlobalSection(ExtensibilityGlobals) = postSolution
		SolutionGuid = {C463188E-C0B6-490C-AB41-DAB873A4A999}
	EndGlobalSection
EndGlobal
