
Microsoft Visual Studio Solution File, Format Version 12.00
# Visual Studio Version 16
VisualStudioVersion = 16.0.30621.155
MinimumVisualStudioVersion = 10.0.40219.1
Project("{FAE04EC0-301F-11D3-BF4B-00C04F79EFBC}") = "Controle", "Controle\Controle.csproj", "{9131731D-D139-4698-9D96-F1B5673A329F}"
EndProject
Global
	GlobalSection(SolutionConfigurationPlatforms) = preSolution
		Debug|Any CPU = Debug|Any CPU
		Release|Any CPU = Release|Any CPU
	EndGlobalSection
	GlobalSection(ProjectConfigurationPlatforms) = postSolution
		{9131731D-D139-4698-9D96-F1B5673A329F}.Debug|Any CPU.ActiveCfg = Debug|Any CPU
		{9131731D-D139-4698-9D96-F1B5673A329F}.Debug|Any CPU.Build.0 = Debug|Any CPU
		{9131731D-D139-4698-9D96-F1B5673A329F}.Release|Any CPU.ActiveCfg = Release|Any CPU
		{9131731D-D139-4698-9D96-F1B5673A329F}.Release|Any CPU.Build.0 = Release|Any CPU
	EndGlobalSection
	GlobalSection(SolutionProperties) = preSolution
		HideSolutionNode = FALSE
	EndGlobalSection
	GlobalSection(ExtensibilityGlobals) = postSolution
		SolutionGuid = {B9701EBB-48A2-476B-B3CE-B6E24B759AAD}
	EndGlobalSection
EndGlobal
